
Microsoft Visual Studio Solution File, Format Version 12.00
# Visual Studio 15
Project("{FAE04EC0-301F-11D3-BF4B-00C04F79EFBC}") = "Assembly-CSharp", "Assembly-CSharp.csproj", "{42857CF5-F5C9-D8EA-99B6-5D4A502B0B6C}"
EndProject
Global
	GlobalSection(SolutionConfigurationPlatforms) = preSolution
		Debug|Any CPU = Debug|Any CPU
		Release|Any CPU = Release|Any CPU
	EndGlobalSection
	GlobalSection(ProjectConfigurationPlatforms) = postSolution
		{42857CF5-F5C9-D8EA-99B6-5D4A502B0B6C}.Debug|Any CPU.ActiveCfg = Debug|Any CPU
		{42857CF5-F5C9-D8EA-99B6-5D4A502B0B6C}.Debug|Any CPU.Build.0 = Debug|Any CPU
		{42857CF5-F5C9-D8EA-99B6-5D4A502B0B6C}.Release|Any CPU.ActiveCfg = Release|Any CPU
		{42857CF5-F5C9-D8EA-99B6-5D4A502B0B6C}.Release|Any CPU.Build.0 = Release|Any CPU
	EndGlobalSection
	GlobalSection(SolutionProperties) = preSolution
		HideSolutionNode = FALSE
	EndGlobalSection
	GlobalSection(MonoDevelopProperties) = preSolution
		StartupItem = Assembly-CSharp.csproj
	EndGlobalSection
EndGlobal
